
Microsoft Visual Studio Solution File, Format Version 12.00
# Visual Studio Version 16
VisualStudioVersion = 25.0.1706.7
MinimumVisualStudioVersion = 10.0.40219.1
Project("{FAE04EC0-301F-11D3-BF4B-00C04F79EFBC}") = "Testing", "Testing\Testing.csproj", "{BAA0F44E-9536-4937-8862-AC0603CBC178}"
EndProject
Global
	GlobalSection(SolutionConfigurationPlatforms) = preSolution
		Debug|Any CPU = Debug|Any CPU
		Release|Any CPU = Release|Any CPU
	EndGlobalSection
	GlobalSection(ProjectConfigurationPlatforms) = postSolution
		{BAA0F44E-9536-4937-8862-AC0603CBC178}.Debug|Any CPU.ActiveCfg = Debug|Any CPU
		{BAA0F44E-9536-4937-8862-AC0603CBC178}.Debug|Any CPU.Build.0 = Debug|Any CPU
		{BAA0F44E-9536-4937-8862-AC0603CBC178}.Release|Any CPU.ActiveCfg = Release|Any CPU
		{BAA0F44E-9536-4937-8862-AC0603CBC178}.Release|Any CPU.Build.0 = Release|Any CPU
	EndGlobalSection
	GlobalSection(SolutionProperties) = preSolution
		HideSolutionNode = FALSE
	EndGlobalSection
	GlobalSection(ExtensibilityGlobals) = postSolution
		SolutionGuid = {E5E37367-869F-4207-9952-D47DA7DBBAB7}
	EndGlobalSection
EndGlobal
