
Microsoft Visual Studio Solution File, Format Version 12.00
# Visual Studio Version 16
VisualStudioVersion = 25.0.1706.4
MinimumVisualStudioVersion = 10.0.40219.1
Project("{FAE04EC0-301F-11D3-BF4B-00C04F79EFBC}") = "GreetingApp", "GreetingApp\GreetingApp.csproj", "{BA70655A-7E51-47B1-9AFF-E28428B06B37}"
EndProject
Global
	GlobalSection(SolutionConfigurationPlatforms) = preSolution
		Debug|Any CPU = Debug|Any CPU
		Release|Any CPU = Release|Any CPU
	EndGlobalSection
	GlobalSection(ProjectConfigurationPlatforms) = postSolution
		{BA70655A-7E51-47B1-9AFF-E28428B06B37}.Debug|Any CPU.ActiveCfg = Debug|Any CPU
		{BA70655A-7E51-47B1-9AFF-E28428B06B37}.Debug|Any CPU.Build.0 = Debug|Any CPU
		{BA70655A-7E51-47B1-9AFF-E28428B06B37}.Release|Any CPU.ActiveCfg = Release|Any CPU
		{BA70655A-7E51-47B1-9AFF-E28428B06B37}.Release|Any CPU.Build.0 = Release|Any CPU
	EndGlobalSection
	GlobalSection(SolutionProperties) = preSolution
		HideSolutionNode = FALSE
	EndGlobalSection
	GlobalSection(ExtensibilityGlobals) = postSolution
		SolutionGuid = {29A58BFA-9BD4-4AAC-B098-4C0526707960}
	EndGlobalSection
EndGlobal
