
Microsoft Visual Studio Solution File, Format Version 12.00
# Visual Studio Version 16
VisualStudioVersion = 25.0.1706.4
MinimumVisualStudioVersion = 10.0.40219.1
Project("{FAE04EC0-301F-11D3-BF4B-00C04F79EFBC}") = "MidtermPractice", "MidtermPractice\MidtermPractice.csproj", "{5689028E-A15C-40F0-A438-022CBE307660}"
EndProject
Global
	GlobalSection(SolutionConfigurationPlatforms) = preSolution
		Debug|Any CPU = Debug|Any CPU
		Release|Any CPU = Release|Any CPU
	EndGlobalSection
	GlobalSection(ProjectConfigurationPlatforms) = postSolution
		{5689028E-A15C-40F0-A438-022CBE307660}.Debug|Any CPU.ActiveCfg = Debug|Any CPU
		{5689028E-A15C-40F0-A438-022CBE307660}.Debug|Any CPU.Build.0 = Debug|Any CPU
		{5689028E-A15C-40F0-A438-022CBE307660}.Release|Any CPU.ActiveCfg = Release|Any CPU
		{5689028E-A15C-40F0-A438-022CBE307660}.Release|Any CPU.Build.0 = Release|Any CPU
	EndGlobalSection
	GlobalSection(SolutionProperties) = preSolution
		HideSolutionNode = FALSE
	EndGlobalSection
	GlobalSection(ExtensibilityGlobals) = postSolution
		SolutionGuid = {86705D12-D778-4B2F-A8BB-240DC0A75C95}
	EndGlobalSection
EndGlobal
