
Microsoft Visual Studio Solution File, Format Version 12.00
# Visual Studio Version 16
VisualStudioVersion = 25.0.1706.4
MinimumVisualStudioVersion = 10.0.40219.1
Project("{FAE04EC0-301F-11D3-BF4B-00C04F79EFBC}") = "InheritancePolymorphism", "InheritancePolymorphism\InheritancePolymorphism.csproj", "{160A19B3-0780-438A-8908-BF74DA8E37CB}"
EndProject
Global
	GlobalSection(SolutionConfigurationPlatforms) = preSolution
		Debug|Any CPU = Debug|Any CPU
		Release|Any CPU = Release|Any CPU
	EndGlobalSection
	GlobalSection(ProjectConfigurationPlatforms) = postSolution
		{160A19B3-0780-438A-8908-BF74DA8E37CB}.Debug|Any CPU.ActiveCfg = Debug|Any CPU
		{160A19B3-0780-438A-8908-BF74DA8E37CB}.Debug|Any CPU.Build.0 = Debug|Any CPU
		{160A19B3-0780-438A-8908-BF74DA8E37CB}.Release|Any CPU.ActiveCfg = Release|Any CPU
		{160A19B3-0780-438A-8908-BF74DA8E37CB}.Release|Any CPU.Build.0 = Release|Any CPU
	EndGlobalSection
	GlobalSection(SolutionProperties) = preSolution
		HideSolutionNode = FALSE
	EndGlobalSection
	GlobalSection(ExtensibilityGlobals) = postSolution
		SolutionGuid = {544D5078-F835-4B14-BB85-2FCE64215F31}
	EndGlobalSection
EndGlobal
